
Microsoft Visual Studio Solution File, Format Version 12.00
# Visual Studio Version 16
VisualStudioVersion = 16.0.30804.86
MinimumVisualStudioVersion = 10.0.40219.1
Project("{FAE04EC0-301F-11D3-BF4B-00C04F79EFBC}") = "Checkers", "Checkers.csproj", "{C63A688D-4230-4BED-BF8F-C3B3038F3711}"
EndProject
Project("{FAE04EC0-301F-11D3-BF4B-00C04F79EFBC}") = "CheckersForm", "..\CheckersForm\CheckersForm.csproj", "{65B2D89B-EE95-4253-A69E-65C111B2BF13}"
EndProject
Global
	GlobalSection(SolutionConfigurationPlatforms) = preSolution
		Debug|Any CPU = Debug|Any CPU
		Release|Any CPU = Release|Any CPU
	EndGlobalSection
	GlobalSection(ProjectConfigurationPlatforms) = postSolution
		{C63A688D-4230-4BED-BF8F-C3B3038F3711}.Debug|Any CPU.ActiveCfg = Debug|Any CPU
		{C63A688D-4230-4BED-BF8F-C3B3038F3711}.Debug|Any CPU.Build.0 = Debug|Any CPU
		{C63A688D-4230-4BED-BF8F-C3B3038F3711}.Release|Any CPU.ActiveCfg = Release|Any CPU
		{C63A688D-4230-4BED-BF8F-C3B3038F3711}.Release|Any CPU.Build.0 = Release|Any CPU
		{65B2D89B-EE95-4253-A69E-65C111B2BF13}.Debug|Any CPU.ActiveCfg = Debug|Any CPU
		{65B2D89B-EE95-4253-A69E-65C111B2BF13}.Debug|Any CPU.Build.0 = Debug|Any CPU
		{65B2D89B-EE95-4253-A69E-65C111B2BF13}.Release|Any CPU.ActiveCfg = Release|Any CPU
		{65B2D89B-EE95-4253-A69E-65C111B2BF13}.Release|Any CPU.Build.0 = Release|Any CPU
	EndGlobalSection
	GlobalSection(SolutionProperties) = preSolution
		HideSolutionNode = FALSE
	EndGlobalSection
	GlobalSection(ExtensibilityGlobals) = postSolution
		SolutionGuid = {5501AD5D-D154-4A8C-8513-BE4A4A1B775C}
	EndGlobalSection
EndGlobal
